
Microsoft Visual Studio Solution File, Format Version 12.00
# Visual Studio Version 17
VisualStudioVersion = 17.3.32825.248
MinimumVisualStudioVersion = 10.0.40219.1
Project("{FAE04EC0-301F-11D3-BF4B-00C04F79EFBC}") = "ConsoleApp1", "ConsoleApp1\ConsoleApp1.csproj", "{4962B9E6-46F9-450E-AF42-5D62D291B08A}"
EndProject
Global
	GlobalSection(SolutionConfigurationPlatforms) = preSolution
		Debug|Any CPU = Debug|Any CPU
		Release|Any CPU = Release|Any CPU
	EndGlobalSection
	GlobalSection(ProjectConfigurationPlatforms) = postSolution
		{4962B9E6-46F9-450E-AF42-5D62D291B08A}.Debug|Any CPU.ActiveCfg = Debug|Any CPU
		{4962B9E6-46F9-450E-AF42-5D62D291B08A}.Debug|Any CPU.Build.0 = Debug|Any CPU
		{4962B9E6-46F9-450E-AF42-5D62D291B08A}.Release|Any CPU.ActiveCfg = Release|Any CPU
		{4962B9E6-46F9-450E-AF42-5D62D291B08A}.Release|Any CPU.Build.0 = Release|Any CPU
	EndGlobalSection
	GlobalSection(SolutionProperties) = preSolution
		HideSolutionNode = FALSE
	EndGlobalSection
	GlobalSection(ExtensibilityGlobals) = postSolution
		SolutionGuid = {542C73BD-1840-4587-8A6A-613D1EE09A11}
	EndGlobalSection
EndGlobal
